
Microsoft Visual Studio Solution File, Format Version 12.00
# Visual Studio 15
VisualStudioVersion = 15.0.27703.2035
MinimumVisualStudioVersion = 10.0.40219.1
Project("{8BC9CEB8-8B4A-11D0-8D11-00A0C91BC942}") = "Postfix_expr", "Postfix_expr\Postfix_expr.vcxproj", "{1D9A601E-C014-4A81-83C4-6EE9C70B04E9}"
EndProject
Global
	GlobalSection(SolutionConfigurationPlatforms) = preSolution
		Debug|x64 = Debug|x64
		Debug|x86 = Debug|x86
		Release|x64 = Release|x64
		Release|x86 = Release|x86
	EndGlobalSection
	GlobalSection(ProjectConfigurationPlatforms) = postSolution
		{1D9A601E-C014-4A81-83C4-6EE9C70B04E9}.Debug|x64.ActiveCfg = Debug|x64
		{1D9A601E-C014-4A81-83C4-6EE9C70B04E9}.Debug|x64.Build.0 = Debug|x64
		{1D9A601E-C014-4A81-83C4-6EE9C70B04E9}.Debug|x86.ActiveCfg = Debug|Win32
		{1D9A601E-C014-4A81-83C4-6EE9C70B04E9}.Debug|x86.Build.0 = Debug|Win32
		{1D9A601E-C014-4A81-83C4-6EE9C70B04E9}.Release|x64.ActiveCfg = Release|x64
		{1D9A601E-C014-4A81-83C4-6EE9C70B04E9}.Release|x64.Build.0 = Release|x64
		{1D9A601E-C014-4A81-83C4-6EE9C70B04E9}.Release|x86.ActiveCfg = Release|Win32
		{1D9A601E-C014-4A81-83C4-6EE9C70B04E9}.Release|x86.Build.0 = Release|Win32
	EndGlobalSection
	GlobalSection(SolutionProperties) = preSolution
		HideSolutionNode = FALSE
	EndGlobalSection
	GlobalSection(ExtensibilityGlobals) = postSolution
		SolutionGuid = {D9868DDA-5D4D-4485-BA9C-7EF2317AF57C}
	EndGlobalSection
EndGlobal
